
Microsoft Visual Studio Solution File, Format Version 12.00
# Visual Studio Version 17
VisualStudioVersion = 17.2.32616.157
MinimumVisualStudioVersion = 10.0.40219.1
Project("{FAE04EC0-301F-11D3-BF4B-00C04F79EFBC}") = "MassiveClient", "MassiveClient\MassiveClient.csproj", "{89C2A223-D76A-4127-9012-450534B48893}"
EndProject
Global
	GlobalSection(SolutionConfigurationPlatforms) = preSolution
		Debug|Any CPU = Debug|Any CPU
		Release|Any CPU = Release|Any CPU
	EndGlobalSection
	GlobalSection(ProjectConfigurationPlatforms) = postSolution
		{89C2A223-D76A-4127-9012-450534B48893}.Debug|Any CPU.ActiveCfg = Debug|Any CPU
		{89C2A223-D76A-4127-9012-450534B48893}.Debug|Any CPU.Build.0 = Debug|Any CPU
		{89C2A223-D76A-4127-9012-450534B48893}.Release|Any CPU.ActiveCfg = Release|Any CPU
		{89C2A223-D76A-4127-9012-450534B48893}.Release|Any CPU.Build.0 = Release|Any CPU
	EndGlobalSection
	GlobalSection(SolutionProperties) = preSolution
		HideSolutionNode = FALSE
	EndGlobalSection
	GlobalSection(ExtensibilityGlobals) = postSolution
		SolutionGuid = {D5664547-8185-4514-A9F3-39F4E61F5436}
	EndGlobalSection
EndGlobal
